<?xml version="1.0" encoding="UTF-8" standalone="yes" ?>
<CodeBlocks_project_file>
	<FileVersion major="1" minor="6" />
	<Project>
		<Option title="wx_" />
		<Option pch_mode="2" />
		<Option compiler="msvc8" />
		<Build>
			<Target title="Debug">
				<Option output="bin\Debug\wx_" prefix_auto="1" extension_auto="1" />
				<Option object_output="obj\Debug\" />
				<Option type="0" />
				<Option compiler="msvc8" />
				<Option projectLinkerOptionsRelation="2" />
				<Compiler>
					<Add option="/Zi" />
					<Add option="/D_DEBUG" />
					<Add option="/D__WXDEBUG__" />
					<Add option="/MDd" />
					<Add directory="$(#wx)\lib\vc_lib\mswud" />
				</Compiler>
				<ResourceCompiler>
					<Add directory="$(#wx)\lib\vc_lib\mswud" />
				</ResourceCompiler>
				<Linker>
					<Add option="/DEBUG" />
					<Add option="/NODEFAULTLIB:libcmtd.lib" />
					<Add option="/NODEFAULTLIB:msvcrt.lib" />
					<Add library="msvcrtd.lib" />
					<Add library="wxmsw29ud_richtext.lib" />
					<Add library="wxmsw29ud_xrc.lib" />
					<Add library="wxmsw29ud_aui.lib" />
					<Add library="wxmsw29ud_dbgrid.lib" />
					<Add library="wxbase29ud_odbc.lib" />
					<Add library="wxmsw29ud_media.lib" />
					<Add library="wxbase29ud_net.lib" />
					<Add library="wxmsw29ud_gl.lib" />
					<Add library="wxmsw29ud_qa.lib" />
					<Add library="wxbase29ud_xml.lib" />
					<Add library="wxmsw29ud_adv.lib" />
					<Add library="wxmsw29ud_html.lib" />
					<Add library="wxmsw29ud_core.lib" />
					<Add library="wxbase29ud.lib" />
					<Add library="wxpngd.lib" />
					<Add library="wxjpegd.lib" />
					<Add library="wxtiffd.lib" />
					<Add library="wxzlibd.lib" />
					<Add library="wxregexud.lib" />
					<Add library="wxexpatd.lib" />
					<Add directory="$(#wx)\lib\vc_lib" />
				</Linker>
				<ExtraCommands>
					<Add after='mt.exe /nologo /manifest &quot;bin\Debug\wx_.exe.manifest&quot; /outputresource:&quot;bin\Debug\wx_.exe&quot;;1' />
				</ExtraCommands>
			</Target>
			<Target title="Release">
				<Option output="bin\Release\wx_" prefix_auto="1" extension_auto="1" />
				<Option object_output="obj\Release\" />
				<Option type="0" />
				<Option compiler="msvc8" />
				<Option projectLinkerOptionsRelation="2" />
				<Compiler>
					<Add option="/Ox" />
					<Add option="/DNDEBUG" />
					<Add option="/MD" />
					<Add option="/O2" />
					<Add option="/Ob1" />
					<Add directory="$(#wx)\lib\vc_lib\mswu" />
				</Compiler>
				<ResourceCompiler>
					<Add directory="$(#wx)\lib\vc_lib\mswu" />
				</ResourceCompiler>
				<Linker>
					<Add option="/NODEFAULTLIB:libcmt.lib" />
					<Add library="msvcrt.lib" />
					<Add library="wxmsw29u_richtext.lib" />
					<Add library="wxmsw29u_xrc.lib" />
					<Add library="wxmsw29u_aui.lib" />
					<Add library="wxmsw29u_dbgrid.lib" />
					<Add library="wxbase29u_odbc.lib" />
					<Add library="wxmsw29u_media.lib" />
					<Add library="wxbase29u_net.lib" />
					<Add library="wxmsw29u_gl.lib" />
					<Add library="wxmsw29u_qa.lib" />
					<Add library="wxbase29u_xml.lib" />
					<Add library="wxmsw29u_adv.lib" />
					<Add library="wxmsw29u_html.lib" />
					<Add library="wxmsw29u_core.lib" />
					<Add library="wxbase29u.lib" />
					<Add library="wxpng.lib" />
					<Add library="wxjpeg.lib" />
					<Add library="wxtiff.lib" />
					<Add library="wxzlib.lib" />
					<Add library="wxregexu.lib" />
					<Add library="wxexpat.lib" />
					<Add directory="$(#wx)\lib\vc_lib" />
				</Linker>
				<ExtraCommands>
					<Add after='mt.exe /nologo /manifest &quot;bin\Release\wx_.exe.manifest&quot; /outputresource:&quot;bin\Release\wx_.exe&quot;;1' />
				</ExtraCommands>
			</Target>
		</Build>
		<Compiler>
			<Add option="/DWIN32" />
			<Add option="/D__WIN32__" />
			<Add option="/D__WXMSW__" />
			<Add option="/DwxUSE_UNICODE" />
			<Add option="/D_WINDOWS" />
			<Add option="/TP" />
			<Add option="/Gd" />
			<Add option="/GF" />
			<Add option="/EHsc" />
			<Add option="/D_CRT_SECURE_DEPRECATE" />
			<Add option="/D_CRT_NONSTDC_NO_DEPRECATE" />
			<Add option="/Zc:wchar_t" />
			<Add option="/D_VC80_UPGRADE=0x0600" />
			<Add option="/W3" />
			<Add directory="$(#wx)\include" />
			<Add directory="$(#wx)\contrib\include" />
		</Compiler>
		<ResourceCompiler>
			<Add directory="$(#wx)\include" />
		</ResourceCompiler>
		<Linker>
			<Add option="/INCREMENTAL:NO" />
			<Add option="/SUBSYSTEM:WINDOWS" />
			<Add library="winmm.lib" />
			<Add library="rpcrt4.lib" />
			<Add library="kernel32.lib" />
			<Add library="user32.lib" />
			<Add library="gdi32.lib" />
			<Add library="winspool.lib" />
			<Add library="comdlg32.lib" />
			<Add library="advapi32.lib" />
			<Add library="shell32.lib" />
			<Add library="ole32.lib" />
			<Add library="oleaut32.lib" />
			<Add library="uuid.lib" />
			<Add library="comctl32.lib" />
			<Add library="wsock32.lib" />
			<Add library="odbc32.lib" />
		</Linker>
		<Unit filename="resource.rc">
			<Option compilerVar="WINDRES" />
		</Unit>
		<Unit filename="wx_App.cpp" />
		<Unit filename="wx_App.h" />
		<Unit filename="wx_Main.cpp" />
		<Unit filename="wx_Main.h" />
		<Unit filename="wx_Ping.cpp" />
		<Unit filename="wx_Ping.h" />
		<Unit filename="wxsmith\wx_Ping.wxs" />
		<Unit filename="wxsmith\wx_frame.wxs" />
		<Extensions>
			<code_completion />
			<debugger />
			<wxsmith version="1">
				<gui name="wxWidgets" src="wx_App.cpp" main="wx_Frame" init_handlers="necessary" language="CPP" />
				<resources>
					<wxFrame wxs="wxsmith/wx_frame.wxs" src="wx_Main.cpp" hdr="wx_Main.h" name="wx_Frame" language="CPP" />
					<wxFrame wxs="wxsmith/wx_Ping.wxs" src="wx_Ping.cpp" hdr="wx_Ping.h" fwddecl="1" name="wx_Ping" language="CPP" />
				</resources>
			</wxsmith>
		</Extensions>
	</Project>
</CodeBlocks_project_file>
